
Microsoft Visual Studio Solution File, Format Version 12.00
# Visual Studio Version 17
VisualStudioVersion = 17.4.33213.308
MinimumVisualStudioVersion = 10.0.40219.1
Project("{FAE04EC0-301F-11D3-BF4B-00C04F79EFBC}") = "LargestColorValueDirectedGraph", "LargestColorValueDirectedGraph.csproj", "{6ED1B5BD-A937-4538-8F10-4A0E148DFE2E}"
EndProject
Global
	GlobalSection(SolutionConfigurationPlatforms) = preSolution
		Debug|Any CPU = Debug|Any CPU
		Release|Any CPU = Release|Any CPU
	EndGlobalSection
	GlobalSection(ProjectConfigurationPlatforms) = postSolution
		{6ED1B5BD-A937-4538-8F10-4A0E148DFE2E}.Debug|Any CPU.ActiveCfg = Debug|Any CPU
		{6ED1B5BD-A937-4538-8F10-4A0E148DFE2E}.Debug|Any CPU.Build.0 = Debug|Any CPU
		{6ED1B5BD-A937-4538-8F10-4A0E148DFE2E}.Release|Any CPU.ActiveCfg = Release|Any CPU
		{6ED1B5BD-A937-4538-8F10-4A0E148DFE2E}.Release|Any CPU.Build.0 = Release|Any CPU
	EndGlobalSection
	GlobalSection(SolutionProperties) = preSolution
		HideSolutionNode = FALSE
	EndGlobalSection
	GlobalSection(ExtensibilityGlobals) = postSolution
		SolutionGuid = {B0EDC2C7-CD30-4D8B-AEA2-95238460A9FF}
	EndGlobalSection
EndGlobal
